
Microsoft Visual Studio Solution File, Format Version 12.00
# Visual Studio Version 17
VisualStudioVersion = 17.3.32804.467
MinimumVisualStudioVersion = 10.0.40219.1
Project("{FAE04EC0-301F-11D3-BF4B-00C04F79EFBC}") = "oops", "oops\oops.csproj", "{38A7F463-CED8-4F01-BD37-991CB73D2B62}"
	ProjectSection(ProjectDependencies) = postProject
		{38B1442D-FCFF-4D3E-8173-17262422233E} = {38B1442D-FCFF-4D3E-8173-17262422233E}
	EndProjectSection
EndProject
Project("{FAE04EC0-301F-11D3-BF4B-00C04F79EFBC}") = "ClassLibrary1", "ClassLibrary1\ClassLibrary1.csproj", "{38B1442D-FCFF-4D3E-8173-17262422233E}"
EndProject
Global
	GlobalSection(SolutionConfigurationPlatforms) = preSolution
		Debug|Any CPU = Debug|Any CPU
		Release|Any CPU = Release|Any CPU
	EndGlobalSection
	GlobalSection(ProjectConfigurationPlatforms) = postSolution
		{38A7F463-CED8-4F01-BD37-991CB73D2B62}.Debug|Any CPU.ActiveCfg = Debug|Any CPU
		{38A7F463-CED8-4F01-BD37-991CB73D2B62}.Debug|Any CPU.Build.0 = Debug|Any CPU
		{38A7F463-CED8-4F01-BD37-991CB73D2B62}.Release|Any CPU.ActiveCfg = Release|Any CPU
		{38A7F463-CED8-4F01-BD37-991CB73D2B62}.Release|Any CPU.Build.0 = Release|Any CPU
		{38B1442D-FCFF-4D3E-8173-17262422233E}.Debug|Any CPU.ActiveCfg = Debug|Any CPU
		{38B1442D-FCFF-4D3E-8173-17262422233E}.Debug|Any CPU.Build.0 = Debug|Any CPU
		{38B1442D-FCFF-4D3E-8173-17262422233E}.Release|Any CPU.ActiveCfg = Release|Any CPU
		{38B1442D-FCFF-4D3E-8173-17262422233E}.Release|Any CPU.Build.0 = Release|Any CPU
	EndGlobalSection
	GlobalSection(SolutionProperties) = preSolution
		HideSolutionNode = FALSE
	EndGlobalSection
	GlobalSection(ExtensibilityGlobals) = postSolution
		SolutionGuid = {1CBCA9B6-A6B6-4A08-8B0A-54E248AF20D0}
	EndGlobalSection
EndGlobal
