
Microsoft Visual Studio Solution File, Format Version 12.00
# Visual Studio Version 17
VisualStudioVersion = 17.3.32804.467
MinimumVisualStudioVersion = 10.0.40219.1
Project("{FAE04EC0-301F-11D3-BF4B-00C04F79EFBC}") = "webapi", "webapi\webapi.csproj", "{793CD50B-17F3-4EF3-B78E-FE93C0B3E079}"
	ProjectSection(ProjectDependencies) = postProject
		{7561A272-ACEA-495E-B13C-E7F7AB1B827E} = {7561A272-ACEA-495E-B13C-E7F7AB1B827E}
		{FBB88D06-D4FF-4B3A-9D86-4FE3EEE46AF8} = {FBB88D06-D4FF-4B3A-9D86-4FE3EEE46AF8}
	EndProjectSection
EndProject
Project("{FAE04EC0-301F-11D3-BF4B-00C04F79EFBC}") = "ballib", "ballib\ballib.csproj", "{FBB88D06-D4FF-4B3A-9D86-4FE3EEE46AF8}"
EndProject
Project("{FAE04EC0-301F-11D3-BF4B-00C04F79EFBC}") = "dallib", "dallib\dallib.csproj", "{97C01DAA-A2DF-498F-BBE2-591EF69E7818}"
	ProjectSection(ProjectDependencies) = postProject
		{FBB88D06-D4FF-4B3A-9D86-4FE3EEE46AF8} = {FBB88D06-D4FF-4B3A-9D86-4FE3EEE46AF8}
	EndProjectSection
EndProject
Project("{FAE04EC0-301F-11D3-BF4B-00C04F79EFBC}") = "hellperlib", "hellperlib\hellperlib.csproj", "{7561A272-ACEA-495E-B13C-E7F7AB1B827E}"
	ProjectSection(ProjectDependencies) = postProject
		{97C01DAA-A2DF-498F-BBE2-591EF69E7818} = {97C01DAA-A2DF-498F-BBE2-591EF69E7818}
		{FBB88D06-D4FF-4B3A-9D86-4FE3EEE46AF8} = {FBB88D06-D4FF-4B3A-9D86-4FE3EEE46AF8}
	EndProjectSection
EndProject
Global
	GlobalSection(SolutionConfigurationPlatforms) = preSolution
		Debug|Any CPU = Debug|Any CPU
		Release|Any CPU = Release|Any CPU
	EndGlobalSection
	GlobalSection(ProjectConfigurationPlatforms) = postSolution
		{793CD50B-17F3-4EF3-B78E-FE93C0B3E079}.Debug|Any CPU.ActiveCfg = Debug|Any CPU
		{793CD50B-17F3-4EF3-B78E-FE93C0B3E079}.Debug|Any CPU.Build.0 = Debug|Any CPU
		{793CD50B-17F3-4EF3-B78E-FE93C0B3E079}.Release|Any CPU.ActiveCfg = Release|Any CPU
		{793CD50B-17F3-4EF3-B78E-FE93C0B3E079}.Release|Any CPU.Build.0 = Release|Any CPU
		{FBB88D06-D4FF-4B3A-9D86-4FE3EEE46AF8}.Debug|Any CPU.ActiveCfg = Debug|Any CPU
		{FBB88D06-D4FF-4B3A-9D86-4FE3EEE46AF8}.Debug|Any CPU.Build.0 = Debug|Any CPU
		{FBB88D06-D4FF-4B3A-9D86-4FE3EEE46AF8}.Release|Any CPU.ActiveCfg = Release|Any CPU
		{FBB88D06-D4FF-4B3A-9D86-4FE3EEE46AF8}.Release|Any CPU.Build.0 = Release|Any CPU
		{97C01DAA-A2DF-498F-BBE2-591EF69E7818}.Debug|Any CPU.ActiveCfg = Debug|Any CPU
		{97C01DAA-A2DF-498F-BBE2-591EF69E7818}.Debug|Any CPU.Build.0 = Debug|Any CPU
		{97C01DAA-A2DF-498F-BBE2-591EF69E7818}.Release|Any CPU.ActiveCfg = Release|Any CPU
		{97C01DAA-A2DF-498F-BBE2-591EF69E7818}.Release|Any CPU.Build.0 = Release|Any CPU
		{7561A272-ACEA-495E-B13C-E7F7AB1B827E}.Debug|Any CPU.ActiveCfg = Debug|Any CPU
		{7561A272-ACEA-495E-B13C-E7F7AB1B827E}.Debug|Any CPU.Build.0 = Debug|Any CPU
		{7561A272-ACEA-495E-B13C-E7F7AB1B827E}.Release|Any CPU.ActiveCfg = Release|Any CPU
		{7561A272-ACEA-495E-B13C-E7F7AB1B827E}.Release|Any CPU.Build.0 = Release|Any CPU
	EndGlobalSection
	GlobalSection(SolutionProperties) = preSolution
		HideSolutionNode = FALSE
	EndGlobalSection
	GlobalSection(ExtensibilityGlobals) = postSolution
		SolutionGuid = {E4225798-4E8B-4631-A340-A2C81DB30B76}
	EndGlobalSection
EndGlobal
