
Microsoft Visual Studio Solution File, Format Version 12.00
# Visual Studio Version 17
VisualStudioVersion = 17.3.32804.467
MinimumVisualStudioVersion = 10.0.40219.1
Project("{FAE04EC0-301F-11D3-BF4B-00C04F79EFBC}") = "e-commerce", "e-commerce\e-commerce.csproj", "{84D95D17-64A2-4B5C-88FC-282B712BABEF}"
	ProjectSection(ProjectDependencies) = postProject
		{41E53995-EC5D-423C-9141-18EEE1B5C516} = {41E53995-EC5D-423C-9141-18EEE1B5C516}
		{A228D697-AB60-4291-A9DF-CA943D16D4C7} = {A228D697-AB60-4291-A9DF-CA943D16D4C7}
	EndProjectSection
EndProject
Project("{FAE04EC0-301F-11D3-BF4B-00C04F79EFBC}") = "BAL", "BAL\BAL.csproj", "{41E53995-EC5D-423C-9141-18EEE1B5C516}"
EndProject
Project("{FAE04EC0-301F-11D3-BF4B-00C04F79EFBC}") = "DAL", "DAL\DAL.csproj", "{D45E9E8E-DFE8-4B7B-B637-8D063FB8088E}"
	ProjectSection(ProjectDependencies) = postProject
		{41E53995-EC5D-423C-9141-18EEE1B5C516} = {41E53995-EC5D-423C-9141-18EEE1B5C516}
	EndProjectSection
EndProject
Project("{FAE04EC0-301F-11D3-BF4B-00C04F79EFBC}") = "Helper", "Helper\Helper.csproj", "{A228D697-AB60-4291-A9DF-CA943D16D4C7}"
	ProjectSection(ProjectDependencies) = postProject
		{41E53995-EC5D-423C-9141-18EEE1B5C516} = {41E53995-EC5D-423C-9141-18EEE1B5C516}
		{D45E9E8E-DFE8-4B7B-B637-8D063FB8088E} = {D45E9E8E-DFE8-4B7B-B637-8D063FB8088E}
	EndProjectSection
EndProject
Global
	GlobalSection(SolutionConfigurationPlatforms) = preSolution
		Debug|Any CPU = Debug|Any CPU
		Release|Any CPU = Release|Any CPU
	EndGlobalSection
	GlobalSection(ProjectConfigurationPlatforms) = postSolution
		{84D95D17-64A2-4B5C-88FC-282B712BABEF}.Debug|Any CPU.ActiveCfg = Debug|Any CPU
		{84D95D17-64A2-4B5C-88FC-282B712BABEF}.Debug|Any CPU.Build.0 = Debug|Any CPU
		{84D95D17-64A2-4B5C-88FC-282B712BABEF}.Release|Any CPU.ActiveCfg = Release|Any CPU
		{84D95D17-64A2-4B5C-88FC-282B712BABEF}.Release|Any CPU.Build.0 = Release|Any CPU
		{41E53995-EC5D-423C-9141-18EEE1B5C516}.Debug|Any CPU.ActiveCfg = Debug|Any CPU
		{41E53995-EC5D-423C-9141-18EEE1B5C516}.Debug|Any CPU.Build.0 = Debug|Any CPU
		{41E53995-EC5D-423C-9141-18EEE1B5C516}.Release|Any CPU.ActiveCfg = Release|Any CPU
		{41E53995-EC5D-423C-9141-18EEE1B5C516}.Release|Any CPU.Build.0 = Release|Any CPU
		{D45E9E8E-DFE8-4B7B-B637-8D063FB8088E}.Debug|Any CPU.ActiveCfg = Debug|Any CPU
		{D45E9E8E-DFE8-4B7B-B637-8D063FB8088E}.Debug|Any CPU.Build.0 = Debug|Any CPU
		{D45E9E8E-DFE8-4B7B-B637-8D063FB8088E}.Release|Any CPU.ActiveCfg = Release|Any CPU
		{D45E9E8E-DFE8-4B7B-B637-8D063FB8088E}.Release|Any CPU.Build.0 = Release|Any CPU
		{A228D697-AB60-4291-A9DF-CA943D16D4C7}.Debug|Any CPU.ActiveCfg = Debug|Any CPU
		{A228D697-AB60-4291-A9DF-CA943D16D4C7}.Debug|Any CPU.Build.0 = Debug|Any CPU
		{A228D697-AB60-4291-A9DF-CA943D16D4C7}.Release|Any CPU.ActiveCfg = Release|Any CPU
		{A228D697-AB60-4291-A9DF-CA943D16D4C7}.Release|Any CPU.Build.0 = Release|Any CPU
	EndGlobalSection
	GlobalSection(SolutionProperties) = preSolution
		HideSolutionNode = FALSE
	EndGlobalSection
	GlobalSection(ExtensibilityGlobals) = postSolution
		SolutionGuid = {48D8861A-B459-4B17-A14B-431925FD3676}
	EndGlobalSection
EndGlobal
