
Microsoft Visual Studio Solution File, Format Version 12.00
# Visual Studio Version 17
VisualStudioVersion = 17.3.32804.467
MinimumVisualStudioVersion = 10.0.40219.1
Project("{FAE04EC0-301F-11D3-BF4B-00C04F79EFBC}") = "sort_and_search_project", "sort_and_search_prohect\sort_and_search_project.csproj", "{1CEA90CF-C15D-48AE-8ECB-169C1A0630C1}"
EndProject
Global
	GlobalSection(SolutionConfigurationPlatforms) = preSolution
		Debug|Any CPU = Debug|Any CPU
		Release|Any CPU = Release|Any CPU
	EndGlobalSection
	GlobalSection(ProjectConfigurationPlatforms) = postSolution
		{1CEA90CF-C15D-48AE-8ECB-169C1A0630C1}.Debug|Any CPU.ActiveCfg = Debug|Any CPU
		{1CEA90CF-C15D-48AE-8ECB-169C1A0630C1}.Debug|Any CPU.Build.0 = Debug|Any CPU
		{1CEA90CF-C15D-48AE-8ECB-169C1A0630C1}.Release|Any CPU.ActiveCfg = Release|Any CPU
		{1CEA90CF-C15D-48AE-8ECB-169C1A0630C1}.Release|Any CPU.Build.0 = Release|Any CPU
	EndGlobalSection
	GlobalSection(SolutionProperties) = preSolution
		HideSolutionNode = FALSE
	EndGlobalSection
	GlobalSection(ExtensibilityGlobals) = postSolution
		SolutionGuid = {BC45E3B4-D889-4C93-9FBD-50DC1A0830EC}
	EndGlobalSection
EndGlobal
